Microsoft Visual Studio Solution File, Format Version 11.00
# Visual Studio 2008

Project("{3A552552-8FCA-473E-FDC4-1808BB50444B}") = "Missile Command v1.5", "Assembly-CSharp.csproj", "{D86E7D6F-AE5B-CE82-40D8-0B27930E1F01}"
EndProject
Global
	GlobalSection(SolutionConfigurationPlatforms) = preSolution
		Debug|Any CPU = Debug|Any CPU
		Release|Any CPU = Release|Any CPU
	EndGlobalSection
	GlobalSection(ProjectConfigurationPlatforms) = postSolution
		{D86E7D6F-AE5B-CE82-40D8-0B27930E1F01}.Debug|Any CPU.ActiveCfg = Debug|Any CPU
		{D86E7D6F-AE5B-CE82-40D8-0B27930E1F01}.Debug|Any CPU.Build.0 = Debug|Any CPU
		{D86E7D6F-AE5B-CE82-40D8-0B27930E1F01}.Release|Any CPU.ActiveCfg = Release|Any CPU
		{D86E7D6F-AE5B-CE82-40D8-0B27930E1F01}.Release|Any CPU.Build.0 = Release|Any CPU
	EndGlobalSection
	GlobalSection(SolutionProperties) = preSolution
		HideSolutionNode = FALSE
	EndGlobalSection
	GlobalSection(MonoDevelopProperties) = preSolution
		StartupItem = Assembly-CSharp.csproj
	EndGlobalSection
EndGlobal
